
Microsoft Visual Studio Solution File, Format Version 12.00
# Visual Studio 15
VisualStudioVersion = 15.0.27130.2036
MinimumVisualStudioVersion = 10.0.40219.1
Project("{FAE04EC0-301F-11D3-BF4B-00C04F79EFBC}") = "3Swap", "3Swap\3Swap.csproj", "{6538E217-F2B8-4D2B-99DB-8EE05E82B1F1}"
EndProject
Global
	GlobalSection(SolutionConfigurationPlatforms) = preSolution
		Debug|Any CPU = Debug|Any CPU
		Release|Any CPU = Release|Any CPU
	EndGlobalSection
	GlobalSection(ProjectConfigurationPlatforms) = postSolution
		{6538E217-F2B8-4D2B-99DB-8EE05E82B1F1}.Debug|Any CPU.ActiveCfg = Debug|Any CPU
		{6538E217-F2B8-4D2B-99DB-8EE05E82B1F1}.Debug|Any CPU.Build.0 = Debug|Any CPU
		{6538E217-F2B8-4D2B-99DB-8EE05E82B1F1}.Release|Any CPU.ActiveCfg = Release|Any CPU
		{6538E217-F2B8-4D2B-99DB-8EE05E82B1F1}.Release|Any CPU.Build.0 = Release|Any CPU
	EndGlobalSection
	GlobalSection(SolutionProperties) = preSolution
		HideSolutionNode = FALSE
	EndGlobalSection
	GlobalSection(ExtensibilityGlobals) = postSolution
		SolutionGuid = {5C5B1C04-696B-4C86-8907-444BC0728810}
	EndGlobalSection
EndGlobal
